// !$*UTF8*$!
{
	archiveVersion = 1;
	classes = {
	};
	objectVersion = 55;
	objects = {

/* Begin PBXBuildFile section */
		5A206900286DA54E000C5BEA /* AppDelegate.m in Sources */ = {isa = PBXBuildFile; fileRef = 5A2068FF286DA54E000C5BEA /* AppDelegate.m */; };
		5A206903286DA54E000C5BEA /* SceneDelegate.m in Sources */ = {isa = PBXBuildFile; fileRef = 5A206902286DA54E000C5BEA /* SceneDelegate.m */; };
		5A206906286DA54E000C5BEA /* ViewController.m in Sources */ = {isa = PBXBuildFile; fileRef = 5A206905286DA54E000C5BEA /* ViewController.m */; };
		5A206909286DA54E000C5BEA /* Main.storyboard in Resources */ = {isa = PBXBuildFile; fileRef = 5A206907286DA54E000C5BEA /* Main.storyboard */; };
		5A20690B286DA550000C5BEA /* Assets.xcassets in Resources */ = {isa = PBXBuildFile; fileRef = 5A20690A286DA550000C5BEA /* Assets.xcassets */; };
		5A20690E286DA550000C5BEA /* LaunchScreen.storyboard in Resources */ = {isa = PBXBuildFile; fileRef = 5A20690C286DA550000C5BEA /* LaunchScreen.storyboard */; };
		5A206911286DA550000C5BEA /* main.m in Sources */ = {isa = PBXBuildFile; fileRef = 5A206910286DA550000C5BEA /* main.m */; };
		5A206920286DA627000C5BEA /* test.pdf in Resources */ = {isa = PBXBuildFile; fileRef = 5A20691F286DA627000C5BEA /* test.pdf */; };
		5A206930286DAEBA000C5BEA /* DYReader.framework in Frameworks */ = {isa = PBXBuildFile; fileRef = 5A20692F286DAE7F000C5BEA /* DYReader.framework */; platformFilter = ios; };
		5A206931286DAEBA000C5BEA /* DYReader.framework in Embed Frameworks */ = {isa = PBXBuildFile; fileRef = 5A20692F286DAE7F000C5BEA /* DYReader.framework */; settings = {ATTRIBUTES = (CodeSignOnCopy, RemoveHeadersOnCopy, ); }; };
		5AECFE8728707CA000E6205F /* TLYCSEbookDec2020FINAL.epub in Resources */ = {isa = PBXBuildFile; fileRef = 5AECFE8628707C2500E6205F /* TLYCSEbookDec2020FINAL.epub */; };
		5AECFE8A2870A0AE00E6205F /* DQVerticalScrollRender.swift in Sources */ = {isa = PBXBuildFile; fileRef = 5AECFE892870A0AE00E6205F /* DQVerticalScrollRender.swift */; };
		5AECFE8C2870A0DF00E6205F /* DQReaderController.swift in Sources */ = {isa = PBXBuildFile; fileRef = 5AECFE8B2870A0DF00E6205F /* DQReaderController.swift */; };
		5AECFE8E2870A15400E6205F /* DQRender.swift in Sources */ = {isa = PBXBuildFile; fileRef = 5AECFE8D2870A15400E6205F /* DQRender.swift */; };
		5AECFE91287115D400E6205F /* DQPageCell.swift in Sources */ = {isa = PBXBuildFile; fileRef = 5AECFE90287115D400E6205F /* DQPageCell.swift */; };
		5AECFE932871209400E6205F /* DQPageMaker.swift in Sources */ = {isa = PBXBuildFile; fileRef = 5AECFE922871209400E6205F /* DQPageMaker.swift */; };
/* End PBXBuildFile section */

/* Begin PBXContainerItemProxy section */
		5A20692E286DAE7F000C5BEA /* PBXContainerItemProxy */ = {
			isa = PBXContainerItemProxy;
			containerPortal = 5A20692A286DAE7F000C5BEA /* DYReader.xcodeproj */;
			proxyType = 2;
			remoteGlobalIDString = 5A2068CE286D964E000C5BEA;
			remoteInfo = DYReader;
		};
		5A206932286DAEC9000C5BEA /* PBXContainerItemProxy */ = {
			isa = PBXContainerItemProxy;
			containerPortal = 5A20692A286DAE7F000C5BEA /* DYReader.xcodeproj */;
			proxyType = 1;
			remoteGlobalIDString = 5A2068CD286D964E000C5BEA;
			remoteInfo = DYReader;
		};
/* End PBXContainerItemProxy section */

/* Begin PBXCopyFilesBuildPhase section */
		5A206924286DA66B000C5BEA /* Embed Frameworks */ = {
			isa = PBXCopyFilesBuildPhase;
			buildActionMask = 2147483647;
			dstPath = "";
			dstSubfolderSpec = 10;
			files = (
				5A206931286DAEBA000C5BEA /* DYReader.framework in Embed Frameworks */,
			);
			name = "Embed Frameworks";
			runOnlyForDeploymentPostprocessing = 0;
		};
/* End PBXCopyFilesBuildPhase section */

/* Begin PBXFileReference section */
		5A2068FB286DA54E000C5BEA /* NASReader.app */ = {isa = PBXFileReference; explicitFileType = wrapper.application; includeInIndex = 0; path = NASReader.app; sourceTree = BUILT_PRODUCTS_DIR; };
		5A2068FE286DA54E000C5BEA /* AppDelegate.h */ = {isa = PBXFileReference; lastKnownFileType = sourcecode.c.h; path = AppDelegate.h; sourceTree = "<group>"; };
		5A2068FF286DA54E000C5BEA /* AppDelegate.m */ = {isa = PBXFileReference; lastKnownFileType = sourcecode.c.objc; path = AppDelegate.m; sourceTree = "<group>"; };
		5A206901286DA54E000C5BEA /* SceneDelegate.h */ = {isa = PBXFileReference; lastKnownFileType = sourcecode.c.h; path = SceneDelegate.h; sourceTree = "<group>"; };
		5A206902286DA54E000C5BEA /* SceneDelegate.m */ = {isa = PBXFileReference; lastKnownFileType = sourcecode.c.objc; path = SceneDelegate.m; sourceTree = "<group>"; };
		5A206904286DA54E000C5BEA /* ViewController.h */ = {isa = PBXFileReference; lastKnownFileType = sourcecode.c.h; path = ViewController.h; sourceTree = "<group>"; };
		5A206905286DA54E000C5BEA /* ViewController.m */ = {isa = PBXFileReference; lastKnownFileType = sourcecode.c.objc; path = ViewController.m; sourceTree = "<group>"; };
		5A206908286DA54E000C5BEA /* Base */ = {isa = PBXFileReference; lastKnownFileType = file.storyboard; name = Base; path = Base.lproj/Main.storyboard; sourceTree = "<group>"; };
		5A20690A286DA550000C5BEA /* Assets.xcassets */ = {isa = PBXFileReference; lastKnownFileType = folder.assetcatalog; path = Assets.xcassets; sourceTree = "<group>"; };
		5A20690D286DA550000C5BEA /* Base */ = {isa = PBXFileReference; lastKnownFileType = file.storyboard; name = Base; path = Base.lproj/LaunchScreen.storyboard; sourceTree = "<group>"; };
		5A20690F286DA550000C5BEA /* Info.plist */ = {isa = PBXFileReference; lastKnownFileType = text.plist.xml; path = Info.plist; sourceTree = "<group>"; };
		5A206910286DA550000C5BEA /* main.m */ = {isa = PBXFileReference; lastKnownFileType = sourcecode.c.objc; path = main.m; sourceTree = "<group>"; };
		5A20691F286DA627000C5BEA /* test.pdf */ = {isa = PBXFileReference; lastKnownFileType = image.pdf; path = test.pdf; sourceTree = "<group>"; };
		5A20692A286DAE7F000C5BEA /* DYReader.xcodeproj */ = {isa = PBXFileReference; lastKnownFileType = "wrapper.pb-project"; name = DYReader.xcodeproj; path = libdyreader/DYReader.xcodeproj; sourceTree = "<group>"; };
		5AECFE8628707C2500E6205F /* TLYCSEbookDec2020FINAL.epub */ = {isa = PBXFileReference; lastKnownFileType = file; path = TLYCSEbookDec2020FINAL.epub; sourceTree = "<group>"; };
		5AECFE882870A0AE00E6205F /* NASReader-Bridging-Header.h */ = {isa = PBXFileReference; lastKnownFileType = sourcecode.c.h; path = "NASReader-Bridging-Header.h"; sourceTree = "<group>"; };
		5AECFE892870A0AE00E6205F /* DQVerticalScrollRender.swift */ = {isa = PBXFileReference; lastKnownFileType = sourcecode.swift; path = DQVerticalScrollRender.swift; sourceTree = "<group>"; };
		5AECFE8B2870A0DF00E6205F /* DQReaderController.swift */ = {isa = PBXFileReference; lastKnownFileType = sourcecode.swift; path = DQReaderController.swift; sourceTree = "<group>"; };
		5AECFE8D2870A15400E6205F /* DQRender.swift */ = {isa = PBXFileReference; lastKnownFileType = sourcecode.swift; path = DQRender.swift; sourceTree = "<group>"; };
		5AECFE90287115D400E6205F /* DQPageCell.swift */ = {isa = PBXFileReference; lastKnownFileType = sourcecode.swift; path = DQPageCell.swift; sourceTree = "<group>"; };
		5AECFE922871209400E6205F /* DQPageMaker.swift */ = {isa = PBXFileReference; lastKnownFileType = sourcecode.swift; path = DQPageMaker.swift; sourceTree = "<group>"; };
/* End PBXFileReference section */

/* Begin PBXFrameworksBuildPhase section */
		5A2068F8286DA54E000C5BEA /* Frameworks */ = {
			isa = PBXFrameworksBuildPhase;
			buildActionMask = 2147483647;
			files = (
				5A206930286DAEBA000C5BEA /* DYReader.framework in Frameworks */,
			);
			runOnlyForDeploymentPostprocessing = 0;
		};
/* End PBXFrameworksBuildPhase section */

/* Begin PBXGroup section */
		5A2068F2286DA54E000C5BEA = {
			isa = PBXGroup;
			children = (
				5A20692A286DAE7F000C5BEA /* DYReader.xcodeproj */,
				5A2068FD286DA54E000C5BEA /* NASReader */,
				5A2068FC286DA54E000C5BEA /* Products */,
				5A206921286DA66B000C5BEA /* Frameworks */,
			);
			sourceTree = "<group>";
		};
		5A2068FC286DA54E000C5BEA /* Products */ = {
			isa = PBXGroup;
			children = (
				5A2068FB286DA54E000C5BEA /* NASReader.app */,
			);
			name = Products;
			sourceTree = "<group>";
		};
		5A2068FD286DA54E000C5BEA /* NASReader */ = {
			isa = PBXGroup;
			children = (
				5AECFE8628707C2500E6205F /* TLYCSEbookDec2020FINAL.epub */,
				5A20691F286DA627000C5BEA /* test.pdf */,
				5A2068FE286DA54E000C5BEA /* AppDelegate.h */,
				5A2068FF286DA54E000C5BEA /* AppDelegate.m */,
				5A206901286DA54E000C5BEA /* SceneDelegate.h */,
				5A206902286DA54E000C5BEA /* SceneDelegate.m */,
				5A206904286DA54E000C5BEA /* ViewController.h */,
				5A206905286DA54E000C5BEA /* ViewController.m */,
				5AECFE942871736D00E6205F /* HorizontalScrollRender */,
				5AECFE8F287115B600E6205F /* VerticalScrollRender */,
				5AECFE8B2870A0DF00E6205F /* DQReaderController.swift */,
				5AECFE8D2870A15400E6205F /* DQRender.swift */,
				5AECFE922871209400E6205F /* DQPageMaker.swift */,
				5A206907286DA54E000C5BEA /* Main.storyboard */,
				5A20690A286DA550000C5BEA /* Assets.xcassets */,
				5A20690C286DA550000C5BEA /* LaunchScreen.storyboard */,
				5A20690F286DA550000C5BEA /* Info.plist */,
				5A206910286DA550000C5BEA /* main.m */,
				5AECFE882870A0AE00E6205F /* NASReader-Bridging-Header.h */,
			);
			path = NASReader;
			sourceTree = "<group>";
		};
		5A206921286DA66B000C5BEA /* Frameworks */ = {
			isa = PBXGroup;
			children = (
			);
			name = Frameworks;
			sourceTree = "<group>";
		};
		5A20692B286DAE7F000C5BEA /* Products */ = {
			isa = PBXGroup;
			children = (
				5A20692F286DAE7F000C5BEA /* DYReader.framework */,
			);
			name = Products;
			sourceTree = "<group>";
		};
		5AECFE8F287115B600E6205F /* VerticalScrollRender */ = {
			isa = PBXGroup;
			children = (
				5AECFE892870A0AE00E6205F /* DQVerticalScrollRender.swift */,
				5AECFE90287115D400E6205F /* DQPageCell.swift */,
			);
			path = VerticalScrollRender;
			sourceTree = "<group>";
		};
		5AECFE942871736D00E6205F /* HorizontalScrollRender */ = {
			isa = PBXGroup;
			children = (
			);
			path = HorizontalScrollRender;
			sourceTree = "<group>";
		};
/* End PBXGroup section */

/* Begin PBXNativeTarget section */
		5A2068FA286DA54E000C5BEA /* NASReader */ = {
			isa = PBXNativeTarget;
			buildConfigurationList = 5A206914286DA550000C5BEA /* Build configuration list for PBXNativeTarget "NASReader" */;
			buildPhases = (
				5A2068F7286DA54E000C5BEA /* Sources */,
				5A2068F8286DA54E000C5BEA /* Frameworks */,
				5A2068F9286DA54E000C5BEA /* Resources */,
				5A206924286DA66B000C5BEA /* Embed Frameworks */,
			);
			buildRules = (
			);
			dependencies = (
				5A206933286DAEC9000C5BEA /* PBXTargetDependency */,
			);
			name = NASReader;
			productName = NASReader;
			productReference = 5A2068FB286DA54E000C5BEA /* NASReader.app */;
			productType = "com.apple.product-type.application";
		};
/* End PBXNativeTarget section */

/* Begin PBXProject section */
		5A2068F3286DA54E000C5BEA /* Project object */ = {
			isa = PBXProject;
			attributes = {
				BuildIndependentTargetsInParallel = 1;
				LastUpgradeCheck = 1340;
				TargetAttributes = {
					5A2068FA286DA54E000C5BEA = {
						CreatedOnToolsVersion = 13.4.1;
						LastSwiftMigration = 1340;
					};
				};
			};
			buildConfigurationList = 5A2068F6286DA54E000C5BEA /* Build configuration list for PBXProject "NASReader" */;
			compatibilityVersion = "Xcode 13.0";
			developmentRegion = en;
			hasScannedForEncodings = 0;
			knownRegions = (
				en,
				Base,
			);
			mainGroup = 5A2068F2286DA54E000C5BEA;
			productRefGroup = 5A2068FC286DA54E000C5BEA /* Products */;
			projectDirPath = "";
			projectReferences = (
				{
					ProductGroup = 5A20692B286DAE7F000C5BEA /* Products */;
					ProjectRef = 5A20692A286DAE7F000C5BEA /* DYReader.xcodeproj */;
				},
			);
			projectRoot = "";
			targets = (
				5A2068FA286DA54E000C5BEA /* NASReader */,
			);
		};
/* End PBXProject section */

/* Begin PBXReferenceProxy section */
		5A20692F286DAE7F000C5BEA /* DYReader.framework */ = {
			isa = PBXReferenceProxy;
			fileType = wrapper.framework;
			path = DYReader.framework;
			remoteRef = 5A20692E286DAE7F000C5BEA /* PBXContainerItemProxy */;
			sourceTree = BUILT_PRODUCTS_DIR;
		};
/* End PBXReferenceProxy section */

/* Begin PBXResourcesBuildPhase section */
		5A2068F9286DA54E000C5BEA /* Resources */ = {
			isa = PBXResourcesBuildPhase;
			buildActionMask = 2147483647;
			files = (
				5A206920286DA627000C5BEA /* test.pdf in Resources */,
				5A20690E286DA550000C5BEA /* LaunchScreen.storyboard in Resources */,
				5A20690B286DA550000C5BEA /* Assets.xcassets in Resources */,
				5AECFE8728707CA000E6205F /* TLYCSEbookDec2020FINAL.epub in Resources */,
				5A206909286DA54E000C5BEA /* Main.storyboard in Resources */,
			);
			runOnlyForDeploymentPostprocessing = 0;
		};
/* End PBXResourcesBuildPhase section */

/* Begin PBXSourcesBuildPhase section */
		5A2068F7286DA54E000C5BEA /* Sources */ = {
			isa = PBXSourcesBuildPhase;
			buildActionMask = 2147483647;
			files = (
				5AECFE932871209400E6205F /* DQPageMaker.swift in Sources */,
				5AECFE8E2870A15400E6205F /* DQRender.swift in Sources */,
				5A206906286DA54E000C5BEA /* ViewController.m in Sources */,
				5A206900286DA54E000C5BEA /* AppDelegate.m in Sources */,
				5AECFE8A2870A0AE00E6205F /* DQVerticalScrollRender.swift in Sources */,
				5AECFE8C2870A0DF00E6205F /* DQReaderController.swift in Sources */,
				5AECFE91287115D400E6205F /* DQPageCell.swift in Sources */,
				5A206911286DA550000C5BEA /* main.m in Sources */,
				5A206903286DA54E000C5BEA /* SceneDelegate.m in Sources */,
			);
			runOnlyForDeploymentPostprocessing = 0;
		};
/* End PBXSourcesBuildPhase section */

/* Begin PBXTargetDependency section */
		5A206933286DAEC9000C5BEA /* PBXTargetDependency */ = {
			isa = PBXTargetDependency;
			name = DYReader;
			targetProxy = 5A206932286DAEC9000C5BEA /* PBXContainerItemProxy */;
		};
/* End PBXTargetDependency section */

/* Begin PBXVariantGroup section */
		5A206907286DA54E000C5BEA /* Main.storyboard */ = {
			isa = PBXVariantGroup;
			children = (
				5A206908286DA54E000C5BEA /* Base */,
			);
			name = Main.storyboard;
			sourceTree = "<group>";
		};
		5A20690C286DA550000C5BEA /* LaunchScreen.storyboard */ = {
			isa = PBXVariantGroup;
			children = (
				5A20690D286DA550000C5BEA /* Base */,
			);
			name = LaunchScreen.storyboard;
			sourceTree = "<group>";
		};
/* End PBXVariantGroup section */

/* Begin XCBuildConfiguration section */
		5A206912286DA550000C5BEA /* Debug */ = {
			isa = XCBuildConfiguration;
			buildSettings = {
				ALWAYS_SEARCH_USER_PATHS = NO;
				CLANG_ANALYZER_NONNULL = YES;
				CLANG_ANALYZER_NUMBER_OBJECT_CONVERSION = YES_AGGRESSIVE;
				CLANG_CXX_LANGUAGE_STANDARD = "gnu++17";
				CLANG_ENABLE_MODULES = YES;
				CLANG_ENABLE_OBJC_ARC = YES;
				CLANG_ENABLE_OBJC_WEAK = YES;
				CLANG_WARN_BLOCK_CAPTURE_AUTORELEASING = YES;
				CLANG_WARN_BOOL_CONVERSION = YES;
				CLANG_WARN_COMMA = YES;
				CLANG_WARN_CONSTANT_CONVERSION = YES;
				CLANG_WARN_DEPRECATED_OBJC_IMPLEMENTATIONS = YES;
				CLANG_WARN_DIRECT_OBJC_ISA_USAGE = YES_ERROR;
				CLANG_WARN_DOCUMENTATION_COMMENTS = YES;
				CLANG_WARN_EMPTY_BODY = YES;
				CLANG_WARN_ENUM_CONVERSION = YES;
				CLANG_WARN_INFINITE_RECURSION = YES;
				CLANG_WARN_INT_CONVERSION = YES;
				CLANG_WARN_NON_LITERAL_NULL_CONVERSION = YES;
				CLANG_WARN_OBJC_IMPLICIT_RETAIN_SELF = YES;
				CLANG_WARN_OBJC_LITERAL_CONVERSION = YES;
				CLANG_WARN_OBJC_ROOT_CLASS = YES_ERROR;
				CLANG_WARN_QUOTED_INCLUDE_IN_FRAMEWORK_HEADER = YES;
				CLANG_WARN_RANGE_LOOP_ANALYSIS = YES;
				CLANG_WARN_STRICT_PROTOTYPES = YES;
				CLANG_WARN_SUSPICIOUS_MOVE = YES;
				CLANG_WARN_UNGUARDED_AVAILABILITY = YES_AGGRESSIVE;
				CLANG_WARN_UNREACHABLE_CODE = YES;
				CLANG_WARN__DUPLICATE_METHOD_MATCH = YES;
				COPY_PHASE_STRIP = NO;
				DEBUG_INFORMATION_FORMAT = dwarf;
				ENABLE_STRICT_OBJC_MSGSEND = YES;
				ENABLE_TESTABILITY = YES;
				GCC_C_LANGUAGE_STANDARD = gnu11;
				GCC_DYNAMIC_NO_PIC = NO;
				GCC_NO_COMMON_BLOCKS = YES;
				GCC_OPTIMIZATION_LEVEL = 0;
				GCC_PREPROCESSOR_DEFINITIONS = (
					"DEBUG=1",
					"$(inherited)",
				);
				GCC_WARN_64_TO_32_BIT_CONVERSION = YES;
				GCC_WARN_ABOUT_RETURN_TYPE = YES_ERROR;
				GCC_WARN_UNDECLARED_SELECTOR = YES;
				GCC_WARN_UNINITIALIZED_AUTOS = YES_AGGRESSIVE;
				GCC_WARN_UNUSED_FUNCTION = YES;
				GCC_WARN_UNUSED_VARIABLE = YES;
				IPHONEOS_DEPLOYMENT_TARGET = 15.5;
				MTL_ENABLE_DEBUG_INFO = INCLUDE_SOURCE;
				MTL_FAST_MATH = YES;
				ONLY_ACTIVE_ARCH = YES;
				SDKROOT = iphoneos;
			};
			name = Debug;
		};
		5A206913286DA550000C5BEA /* Release */ = {
			isa = XCBuildConfiguration;
			buildSettings = {
				ALWAYS_SEARCH_USER_PATHS = NO;
				CLANG_ANALYZER_NONNULL = YES;
				CLANG_ANALYZER_NUMBER_OBJECT_CONVERSION = YES_AGGRESSIVE;
				CLANG_CXX_LANGUAGE_STANDARD = "gnu++17";
				CLANG_ENABLE_MODULES = YES;
				CLANG_ENABLE_OBJC_ARC = YES;
				CLANG_ENABLE_OBJC_WEAK = YES;
				CLANG_WARN_BLOCK_CAPTURE_AUTORELEASING = YES;
				CLANG_WARN_BOOL_CONVERSION = YES;
				CLANG_WARN_COMMA = YES;
				CLANG_WARN_CONSTANT_CONVERSION = YES;
				CLANG_WARN_DEPRECATED_OBJC_IMPLEMENTATIONS = YES;
				CLANG_WARN_DIRECT_OBJC_ISA_USAGE = YES_ERROR;
				CLANG_WARN_DOCUMENTATION_COMMENTS = YES;
				CLANG_WARN_EMPTY_BODY = YES;
				CLANG_WARN_ENUM_CONVERSION = YES;
				CLANG_WARN_INFINITE_RECURSION = YES;
				CLANG_WARN_INT_CONVERSION = YES;
				CLANG_WARN_NON_LITERAL_NULL_CONVERSION = YES;
				CLANG_WARN_OBJC_IMPLICIT_RETAIN_SELF = YES;
				CLANG_WARN_OBJC_LITERAL_CONVERSION = YES;
				CLANG_WARN_OBJC_ROOT_CLASS = YES_ERROR;
				CLANG_WARN_QUOTED_INCLUDE_IN_FRAMEWORK_HEADER = YES;
				CLANG_WARN_RANGE_LOOP_ANALYSIS = YES;
				CLANG_WARN_STRICT_PROTOTYPES = YES;
				CLANG_WARN_SUSPICIOUS_MOVE = YES;
				CLANG_WARN_UNGUARDED_AVAILABILITY = YES_AGGRESSIVE;
				CLANG_WARN_UNREACHABLE_CODE = YES;
				CLANG_WARN__DUPLICATE_METHOD_MATCH = YES;
				COPY_PHASE_STRIP = NO;
				DEBUG_INFORMATION_FORMAT = "dwarf-with-dsym";
				ENABLE_NS_ASSERTIONS = NO;
				ENABLE_STRICT_OBJC_MSGSEND = YES;
				GCC_C_LANGUAGE_STANDARD = gnu11;
				GCC_NO_COMMON_BLOCKS = YES;
				GCC_WARN_64_TO_32_BIT_CONVERSION = YES;
				GCC_WARN_ABOUT_RETURN_TYPE = YES_ERROR;
				GCC_WARN_UNDECLARED_SELECTOR = YES;
				GCC_WARN_UNINITIALIZED_AUTOS = YES_AGGRESSIVE;
				GCC_WARN_UNUSED_FUNCTION = YES;
				GCC_WARN_UNUSED_VARIABLE = YES;
				IPHONEOS_DEPLOYMENT_TARGET = 15.5;
				MTL_ENABLE_DEBUG_INFO = NO;
				MTL_FAST_MATH = YES;
				SDKROOT = iphoneos;
				VALIDATE_PRODUCT = YES;
			};
			name = Release;
		};
		5A206915286DA550000C5BEA /* Debug */ = {
			isa = XCBuildConfiguration;
			buildSettings = {
				ASSETCATALOG_COMPILER_APPICON_NAME = AppIcon;
				ASSETCATALOG_COMPILER_GLOBAL_ACCENT_COLOR_NAME = AccentColor;
				CLANG_ENABLE_MODULES = YES;
				CODE_SIGN_STYLE = Automatic;
				CURRENT_PROJECT_VERSION = 1;
				DEVELOPMENT_TEAM = 425HQFZ36D;
				GENERATE_INFOPLIST_FILE = YES;
				INFOPLIST_FILE = NASReader/Info.plist;
				INFOPLIST_KEY_UIApplicationSupportsIndirectInputEvents = YES;
				INFOPLIST_KEY_UILaunchStoryboardName = LaunchScreen;
				INFOPLIST_KEY_UIMainStoryboardFile = Main;
				INFOPLIST_KEY_UISupportedInterfaceOrientations_iPad = "UIInterfaceOrientationPortrait UIInterfaceOrientationPortraitUpsideDown UIInterfaceOrientationLandscapeLeft UIInterfaceOrientationLandscapeRight";
				INFOPLIST_KEY_UISupportedInterfaceOrientations_iPhone = "UIInterfaceOrientationPortrait UIInterfaceOrientationLandscapeLeft UIInterfaceOrientationLandscapeRight";
				LD_RUNPATH_SEARCH_PATHS = (
					"$(inherited)",
					"@executable_path/Frameworks",
				);
				MARKETING_VERSION = 1.0;
				PRODUCT_BUNDLE_IDENTIFIER = com.aggrx.NASReader;
				PRODUCT_NAME = "$(TARGET_NAME)";
				SWIFT_EMIT_LOC_STRINGS = YES;
				SWIFT_OBJC_BRIDGING_HEADER = "NASReader/NASReader-Bridging-Header.h";
				SWIFT_OPTIMIZATION_LEVEL = "-Onone";
				SWIFT_VERSION = 5.0;
				TARGETED_DEVICE_FAMILY = "1,2";
			};
			name = Debug;
		};
		5A206916286DA550000C5BEA /* Release */ = {
			isa = XCBuildConfiguration;
			buildSettings = {
				ASSETCATALOG_COMPILER_APPICON_NAME = AppIcon;
				ASSETCATALOG_COMPILER_GLOBAL_ACCENT_COLOR_NAME = AccentColor;
				CLANG_ENABLE_MODULES = YES;
				CODE_SIGN_STYLE = Automatic;
				CURRENT_PROJECT_VERSION = 1;
				DEVELOPMENT_TEAM = 425HQFZ36D;
				GENERATE_INFOPLIST_FILE = YES;
				INFOPLIST_FILE = NASReader/Info.plist;
				INFOPLIST_KEY_UIApplicationSupportsIndirectInputEvents = YES;
				INFOPLIST_KEY_UILaunchStoryboardName = LaunchScreen;
				INFOPLIST_KEY_UIMainStoryboardFile = Main;
				INFOPLIST_KEY_UISupportedInterfaceOrientations_iPad = "UIInterfaceOrientationPortrait UIInterfaceOrientationPortraitUpsideDown UIInterfaceOrientationLandscapeLeft UIInterfaceOrientationLandscapeRight";
				INFOPLIST_KEY_UISupportedInterfaceOrientations_iPhone = "UIInterfaceOrientationPortrait UIInterfaceOrientationLandscapeLeft UIInterfaceOrientationLandscapeRight";
				LD_RUNPATH_SEARCH_PATHS = (
					"$(inherited)",
					"@executable_path/Frameworks",
				);
				MARKETING_VERSION = 1.0;
				PRODUCT_BUNDLE_IDENTIFIER = com.aggrx.NASReader;
				PRODUCT_NAME = "$(TARGET_NAME)";
				SWIFT_EMIT_LOC_STRINGS = YES;
				SWIFT_OBJC_BRIDGING_HEADER = "NASReader/NASReader-Bridging-Header.h";
				SWIFT_VERSION = 5.0;
				TARGETED_DEVICE_FAMILY = "1,2";
			};
			name = Release;
		};
/* End XCBuildConfiguration section */

/* Begin XCConfigurationList section */
		5A2068F6286DA54E000C5BEA /* Build configuration list for PBXProject "NASReader" */ = {
			isa = XCConfigurationList;
			buildConfigurations = (
				5A206912286DA550000C5BEA /* Debug */,
				5A206913286DA550000C5BEA /* Release */,
			);
			defaultConfigurationIsVisible = 0;
			defaultConfigurationName = Release;
		};
		5A206914286DA550000C5BEA /* Build configuration list for PBXNativeTarget "NASReader" */ = {
			isa = XCConfigurationList;
			buildConfigurations = (
				5A206915286DA550000C5BEA /* Debug */,
				5A206916286DA550000C5BEA /* Release */,
			);
			defaultConfigurationIsVisible = 0;
			defaultConfigurationName = Release;
		};
/* End XCConfigurationList section */
	};
	rootObject = 5A2068F3286DA54E000C5BEA /* Project object */;
}
