// !$*UTF8*$!
{
	archiveVersion = 1;
	classes = {
	};
	objectVersion = 55;
	objects = {

/* Begin PBXBuildFile section */
		5A06324A2897D74100733185 /* SlideInPresentationManager.swift in Sources */ = {isa = PBXBuildFile; fileRef = 5A0632492897D74100733185 /* SlideInPresentationManager.swift */; };
		5A06324C2897D94D00733185 /* SlideInPresentationController.swift in Sources */ = {isa = PBXBuildFile; fileRef = 5A06324B2897D94D00733185 /* SlideInPresentationController.swift */; };
		5A06324E2898BE0100733185 /* SlideInPresentationAnimator.swift in Sources */ = {isa = PBXBuildFile; fileRef = 5A06324D2898BE0100733185 /* SlideInPresentationAnimator.swift */; };
		5A0632512898C8D600733185 /* BrightnessSetable.swift in Sources */ = {isa = PBXBuildFile; fileRef = 5A0632502898C8D600733185 /* BrightnessSetable.swift */; };
		5A206900286DA54E000C5BEA /* AppDelegate.m in Sources */ = {isa = PBXBuildFile; fileRef = 5A2068FF286DA54E000C5BEA /* AppDelegate.m */; };
		5A20690B286DA550000C5BEA /* Assets.xcassets in Resources */ = {isa = PBXBuildFile; fileRef = 5A20690A286DA550000C5BEA /* Assets.xcassets */; };
		5A20690E286DA550000C5BEA /* LaunchScreen.storyboard in Resources */ = {isa = PBXBuildFile; fileRef = 5A20690C286DA550000C5BEA /* LaunchScreen.storyboard */; };
		5A206911286DA550000C5BEA /* main.m in Sources */ = {isa = PBXBuildFile; fileRef = 5A206910286DA550000C5BEA /* main.m */; };
		5A206920286DA627000C5BEA /* test.pdf in Resources */ = {isa = PBXBuildFile; fileRef = 5A20691F286DA627000C5BEA /* test.pdf */; };
		5A206930286DAEBA000C5BEA /* DYReader.framework in Frameworks */ = {isa = PBXBuildFile; fileRef = 5A20692F286DAE7F000C5BEA /* DYReader.framework */; platformFilter = ios; };
		5A324D8628A3AEE1000F8B21 /* DYCoverRenderPageView.swift in Sources */ = {isa = PBXBuildFile; fileRef = 5A324D8528A3AEE1000F8B21 /* DYCoverRenderPageView.swift */; };
		5A336C382886B917009F4DE9 /* Bindable.swift in Sources */ = {isa = PBXBuildFile; fileRef = 5A336C372886B917009F4DE9 /* Bindable.swift */; };
		5A370B5528F3F6110041C806 /* DYTextBookReader.swift in Sources */ = {isa = PBXBuildFile; fileRef = 5A370B5328F3F6110041C806 /* DYTextBookReader.swift */; };
		5A370B5628F3F6110041C806 /* DYTextChapter.swift in Sources */ = {isa = PBXBuildFile; fileRef = 5A370B5428F3F6110041C806 /* DYTextChapter.swift */; };
		5A47977E289BA243007F9831 /* DYHorizontalScrollRenderViewController.swift in Sources */ = {isa = PBXBuildFile; fileRef = 5A47977D289BA243007F9831 /* DYHorizontalScrollRenderViewController.swift */; };
		5A479784289CC47A007F9831 /* 每天懂一点好玩心理学.epub in Resources */ = {isa = PBXBuildFile; fileRef = 5A479783289CC47A007F9831 /* 每天懂一点好玩心理学.epub */; };
		5A5D506A2892954A00978A2B /* OutlineProtocols.swift in Sources */ = {isa = PBXBuildFile; fileRef = 5A5D50692892954A00978A2B /* OutlineProtocols.swift */; };
		5A65CB24287D7DBE00D4BE75 /* UIImage+Color.m in Sources */ = {isa = PBXBuildFile; fileRef = 5A65CB23287D7DBE00D4BE75 /* UIImage+Color.m */; };
		5A65CB28287D7E3200D4BE75 /* UIImage+RoundCorner.m in Sources */ = {isa = PBXBuildFile; fileRef = 5A65CB27287D7E3200D4BE75 /* UIImage+RoundCorner.m */; };
		5A73756E28F3FD410085D56D /* DTCoreText.framework in Frameworks */ = {isa = PBXBuildFile; fileRef = 5A370B5728F3F6870041C806 /* DTCoreText.framework */; };
		5A76DC6F28796F80003D6D36 /* DYReaderSettingView.swift in Sources */ = {isa = PBXBuildFile; fileRef = 5A76DC6E28796F80003D6D36 /* DYReaderSettingView.swift */; };
		5A76DC712879A513003D6D36 /* DYControlProtocol.swift in Sources */ = {isa = PBXBuildFile; fileRef = 5A76DC702879A513003D6D36 /* DYControlProtocol.swift */; };
		5A84F7672893B08400C1A2DA /* DYBrightnessView.swift in Sources */ = {isa = PBXBuildFile; fileRef = 5A84F7662893B08400C1A2DA /* DYBrightnessView.swift */; };
		5A84F7692893B3C500C1A2DA /* DYRenderModel.swift in Sources */ = {isa = PBXBuildFile; fileRef = 5A84F7682893B3C500C1A2DA /* DYRenderModel.swift */; };
		5AACAF35287806B200D13209 /* DYReaderNavigationView.swift in Sources */ = {isa = PBXBuildFile; fileRef = 5AACAF34287806B200D13209 /* DYReaderNavigationView.swift */; };
		5AACAF37287806D200D13209 /* DYReaderFeatureView.swift in Sources */ = {isa = PBXBuildFile; fileRef = 5AACAF36287806D200D13209 /* DYReaderFeatureView.swift */; };
		5AACAF3C2878080E00D13209 /* UIImage+DNIconfontHelper.m in Sources */ = {isa = PBXBuildFile; fileRef = 5AACAF3B2878080E00D13209 /* UIImage+DNIconfontHelper.m */; };
		5AACAF3F2878086F00D13209 /* iconfont.ttf in Resources */ = {isa = PBXBuildFile; fileRef = 5AACAF3E2878086F00D13209 /* iconfont.ttf */; };
		5AACAF41287811A500D13209 /* DNSimpleSlider.swift in Sources */ = {isa = PBXBuildFile; fileRef = 5AACAF40287811A500D13209 /* DNSimpleSlider.swift */; };
		5AACAF4428782F3D00D13209 /* UIButton+alignVertical.swift in Sources */ = {isa = PBXBuildFile; fileRef = 5AACAF4328782F3D00D13209 /* UIButton+alignVertical.swift */; };
		5AB21E1328879BF100EE1433 /* OutlineViewController.swift in Sources */ = {isa = PBXBuildFile; fileRef = 5AB21E1228879BF100EE1433 /* OutlineViewController.swift */; };
		5AB21E1528879F4D00EE1433 /* OutlineViewCoordinator.swift in Sources */ = {isa = PBXBuildFile; fileRef = 5AB21E1428879F4D00EE1433 /* OutlineViewCoordinator.swift */; };
		5AB21E1928879FA800EE1433 /* DYReaderCoordinator.swift in Sources */ = {isa = PBXBuildFile; fileRef = 5AB21E1828879FA800EE1433 /* DYReaderCoordinator.swift */; };
		5AB21E1D2887A0DC00EE1433 /* Coordinator.swift in Sources */ = {isa = PBXBuildFile; fileRef = 5AB21E1C2887A0DC00EE1433 /* Coordinator.swift */; };
		5AB21E1F2887A1A000EE1433 /* DYReaderProtocols.swift in Sources */ = {isa = PBXBuildFile; fileRef = 5AB21E1E2887A1A000EE1433 /* DYReaderProtocols.swift */; };
		5AB21E232887A27D00EE1433 /* OutlineItem.swift in Sources */ = {isa = PBXBuildFile; fileRef = 5AB21E222887A27D00EE1433 /* OutlineItem.swift */; };
		5AB21E272887A72F00EE1433 /* Outline.swift in Sources */ = {isa = PBXBuildFile; fileRef = 5AB21E262887A72F00EE1433 /* Outline.swift */; };
		5AB21E292887A86E00EE1433 /* OutlineCoordinable.swift in Sources */ = {isa = PBXBuildFile; fileRef = 5AB21E282887A86E00EE1433 /* OutlineCoordinable.swift */; };
		5AB21E2B2887DD1A00EE1433 /* OutlineItemCell.swift in Sources */ = {isa = PBXBuildFile; fileRef = 5AB21E2A2887DD1A00EE1433 /* OutlineItemCell.swift */; };
		5AB21EC4288FC1EC00EE1433 /* DYRollbackChapterView.m in Sources */ = {isa = PBXBuildFile; fileRef = 5AB21EC3288FC1EB00EE1433 /* DYRollbackChapterView.m */; };
		5AB21ECE289127BB00EE1433 /* DYRenderDataSourceImpl.swift in Sources */ = {isa = PBXBuildFile; fileRef = 5AB21ECD289127BB00EE1433 /* DYRenderDataSourceImpl.swift */; };
		5AC24A6828A4F81700082CDE /* main.storyboard in Resources */ = {isa = PBXBuildFile; fileRef = 5AC24A6728A4F81700082CDE /* main.storyboard */; };
		5AC24A6A28A4F87100082CDE /* ViewController.swift in Sources */ = {isa = PBXBuildFile; fileRef = 5AC24A6928A4F87100082CDE /* ViewController.swift */; };
		5AE8F78F28A0AE43002CAFCC /* DNReaderBackgroundView.swift in Sources */ = {isa = PBXBuildFile; fileRef = 5AE8F78E28A0AE43002CAFCC /* DNReaderBackgroundView.swift */; };
		5AE8F79228A0E1C9002CAFCC /* DYCurlRenderViewController.swift in Sources */ = {isa = PBXBuildFile; fileRef = 5AE8F79128A0E1C9002CAFCC /* DYCurlRenderViewController.swift */; };
		5AE8F79428A0EA0C002CAFCC /* DYPageViewController.swift in Sources */ = {isa = PBXBuildFile; fileRef = 5AE8F79328A0EA0C002CAFCC /* DYPageViewController.swift */; };
		5AECFE8728707CA000E6205F /* TLYCSEbookDec2020FINAL.epub in Resources */ = {isa = PBXBuildFile; fileRef = 5AECFE8628707C2500E6205F /* TLYCSEbookDec2020FINAL.epub */; };
		5AECFE8A2870A0AE00E6205F /* DYVerticalScrollRender.swift in Sources */ = {isa = PBXBuildFile; fileRef = 5AECFE892870A0AE00E6205F /* DYVerticalScrollRender.swift */; };
		5AECFE8C2870A0DF00E6205F /* DYReaderController.swift in Sources */ = {isa = PBXBuildFile; fileRef = 5AECFE8B2870A0DF00E6205F /* DYReaderController.swift */; };
		5AECFE8E2870A15400E6205F /* DYRenderProtocol.swift in Sources */ = {isa = PBXBuildFile; fileRef = 5AECFE8D2870A15400E6205F /* DYRenderProtocol.swift */; };
		5AECFE91287115D400E6205F /* DYPageTableViewCell.swift in Sources */ = {isa = PBXBuildFile; fileRef = 5AECFE90287115D400E6205F /* DYPageTableViewCell.swift */; };
		5AECFE982872941400E6205F /* DYCoverRender.swift in Sources */ = {isa = PBXBuildFile; fileRef = 5AECFE972872941400E6205F /* DYCoverRender.swift */; };
/* End PBXBuildFile section */

/* Begin PBXContainerItemProxy section */
		5A20692E286DAE7F000C5BEA /* PBXContainerItemProxy */ = {
			isa = PBXContainerItemProxy;
			containerPortal = 5A20692A286DAE7F000C5BEA /* DYReader.xcodeproj */;
			proxyType = 2;
			remoteGlobalIDString = 5A2068CE286D964E000C5BEA;
			remoteInfo = DYReader;
		};
		5A206932286DAEC9000C5BEA /* PBXContainerItemProxy */ = {
			isa = PBXContainerItemProxy;
			containerPortal = 5A20692A286DAE7F000C5BEA /* DYReader.xcodeproj */;
			proxyType = 1;
			remoteGlobalIDString = 5A2068CD286D964E000C5BEA;
			remoteInfo = DYReader;
		};
/* End PBXContainerItemProxy section */

/* Begin PBXFileReference section */
		5A0632492897D74100733185 /* SlideInPresentationManager.swift */ = {isa = PBXFileReference; lastKnownFileType = sourcecode.swift; path = SlideInPresentationManager.swift; sourceTree = "<group>"; };
		5A06324B2897D94D00733185 /* SlideInPresentationController.swift */ = {isa = PBXFileReference; lastKnownFileType = sourcecode.swift; path = SlideInPresentationController.swift; sourceTree = "<group>"; };
		5A06324D2898BE0100733185 /* SlideInPresentationAnimator.swift */ = {isa = PBXFileReference; lastKnownFileType = sourcecode.swift; path = SlideInPresentationAnimator.swift; sourceTree = "<group>"; };
		5A0632502898C8D600733185 /* BrightnessSetable.swift */ = {isa = PBXFileReference; lastKnownFileType = sourcecode.swift; path = BrightnessSetable.swift; sourceTree = "<group>"; };
		5A2068FB286DA54E000C5BEA /* NASReader.app */ = {isa = PBXFileReference; explicitFileType = wrapper.application; includeInIndex = 0; path = NASReader.app; sourceTree = BUILT_PRODUCTS_DIR; };
		5A2068FE286DA54E000C5BEA /* AppDelegate.h */ = {isa = PBXFileReference; lastKnownFileType = sourcecode.c.h; path = AppDelegate.h; sourceTree = "<group>"; };
		5A2068FF286DA54E000C5BEA /* AppDelegate.m */ = {isa = PBXFileReference; lastKnownFileType = sourcecode.c.objc; path = AppDelegate.m; sourceTree = "<group>"; };
		5A20690A286DA550000C5BEA /* Assets.xcassets */ = {isa = PBXFileReference; lastKnownFileType = folder.assetcatalog; path = Assets.xcassets; sourceTree = "<group>"; };
		5A20690D286DA550000C5BEA /* Base */ = {isa = PBXFileReference; lastKnownFileType = file.storyboard; name = Base; path = Base.lproj/LaunchScreen.storyboard; sourceTree = "<group>"; };
		5A20690F286DA550000C5BEA /* Info.plist */ = {isa = PBXFileReference; lastKnownFileType = text.plist.xml; path = Info.plist; sourceTree = "<group>"; };
		5A206910286DA550000C5BEA /* main.m */ = {isa = PBXFileReference; lastKnownFileType = sourcecode.c.objc; path = main.m; sourceTree = "<group>"; };
		5A20691F286DA627000C5BEA /* test.pdf */ = {isa = PBXFileReference; lastKnownFileType = image.pdf; path = test.pdf; sourceTree = "<group>"; };
		5A20692A286DAE7F000C5BEA /* DYReader.xcodeproj */ = {isa = PBXFileReference; lastKnownFileType = "wrapper.pb-project"; name = DYReader.xcodeproj; path = libdyreader/DYReader.xcodeproj; sourceTree = "<group>"; };
		5A324D8528A3AEE1000F8B21 /* DYCoverRenderPageView.swift */ = {isa = PBXFileReference; lastKnownFileType = sourcecode.swift; path = DYCoverRenderPageView.swift; sourceTree = "<group>"; };
		5A336C372886B917009F4DE9 /* Bindable.swift */ = {isa = PBXFileReference; fileEncoding = 4; lastKnownFileType = sourcecode.swift; path = Bindable.swift; sourceTree = "<group>"; };
		5A370B5328F3F6110041C806 /* DYTextBookReader.swift */ = {isa = PBXFileReference; fileEncoding = 4; lastKnownFileType = sourcecode.swift; path = DYTextBookReader.swift; sourceTree = "<group>"; };
		5A370B5428F3F6110041C806 /* DYTextChapter.swift */ = {isa = PBXFileReference; fileEncoding = 4; lastKnownFileType = sourcecode.swift; path = DYTextChapter.swift; sourceTree = "<group>"; };
		5A370B5728F3F6870041C806 /* DTCoreText.framework */ = {isa = PBXFileReference; lastKnownFileType = wrapper.framework; path = DTCoreText.framework; sourceTree = "<group>"; };
		5A47977D289BA243007F9831 /* DYHorizontalScrollRenderViewController.swift */ = {isa = PBXFileReference; lastKnownFileType = sourcecode.swift; path = DYHorizontalScrollRenderViewController.swift; sourceTree = "<group>"; };
		5A479783289CC47A007F9831 /* 每天懂一点好玩心理学.epub */ = {isa = PBXFileReference; lastKnownFileType = file; path = "每天懂一点好玩心理学.epub"; sourceTree = "<group>"; };
		5A5D50692892954A00978A2B /* OutlineProtocols.swift */ = {isa = PBXFileReference; fileEncoding = 4; lastKnownFileType = sourcecode.swift; path = OutlineProtocols.swift; sourceTree = "<group>"; };
		5A65CB22287D7DBE00D4BE75 /* UIImage+Color.h */ = {isa = PBXFileReference; lastKnownFileType = sourcecode.c.h; path = "UIImage+Color.h"; sourceTree = "<group>"; };
		5A65CB23287D7DBE00D4BE75 /* UIImage+Color.m */ = {isa = PBXFileReference; lastKnownFileType = sourcecode.c.objc; path = "UIImage+Color.m"; sourceTree = "<group>"; };
		5A65CB26287D7E3200D4BE75 /* UIImage+RoundCorner.h */ = {isa = PBXFileReference; lastKnownFileType = sourcecode.c.h; path = "UIImage+RoundCorner.h"; sourceTree = "<group>"; };
		5A65CB27287D7E3200D4BE75 /* UIImage+RoundCorner.m */ = {isa = PBXFileReference; lastKnownFileType = sourcecode.c.objc; path = "UIImage+RoundCorner.m"; sourceTree = "<group>"; };
		5A76DC6E28796F80003D6D36 /* DYReaderSettingView.swift */ = {isa = PBXFileReference; lastKnownFileType = sourcecode.swift; path = DYReaderSettingView.swift; sourceTree = "<group>"; };
		5A76DC702879A513003D6D36 /* DYControlProtocol.swift */ = {isa = PBXFileReference; lastKnownFileType = sourcecode.swift; path = DYControlProtocol.swift; sourceTree = "<group>"; };
		5A84F7662893B08400C1A2DA /* DYBrightnessView.swift */ = {isa = PBXFileReference; lastKnownFileType = sourcecode.swift; path = DYBrightnessView.swift; sourceTree = "<group>"; };
		5A84F7682893B3C500C1A2DA /* DYRenderModel.swift */ = {isa = PBXFileReference; lastKnownFileType = sourcecode.swift; path = DYRenderModel.swift; sourceTree = "<group>"; };
		5AACAF34287806B200D13209 /* DYReaderNavigationView.swift */ = {isa = PBXFileReference; lastKnownFileType = sourcecode.swift; path = DYReaderNavigationView.swift; sourceTree = "<group>"; };
		5AACAF36287806D200D13209 /* DYReaderFeatureView.swift */ = {isa = PBXFileReference; lastKnownFileType = sourcecode.swift; path = DYReaderFeatureView.swift; sourceTree = "<group>"; };
		5AACAF3A2878080E00D13209 /* UIImage+DNIconfontHelper.h */ = {isa = PBXFileReference; fileEncoding = 4; lastKnownFileType = sourcecode.c.h; path = "UIImage+DNIconfontHelper.h"; sourceTree = "<group>"; };
		5AACAF3B2878080E00D13209 /* UIImage+DNIconfontHelper.m */ = {isa = PBXFileReference; fileEncoding = 4; lastKnownFileType = sourcecode.c.objc; path = "UIImage+DNIconfontHelper.m"; sourceTree = "<group>"; };
		5AACAF3E2878086F00D13209 /* iconfont.ttf */ = {isa = PBXFileReference; lastKnownFileType = file; path = iconfont.ttf; sourceTree = "<group>"; };
		5AACAF40287811A500D13209 /* DNSimpleSlider.swift */ = {isa = PBXFileReference; fileEncoding = 4; lastKnownFileType = sourcecode.swift; path = DNSimpleSlider.swift; sourceTree = "<group>"; };
		5AACAF4328782F3D00D13209 /* UIButton+alignVertical.swift */ = {isa = PBXFileReference; fileEncoding = 4; lastKnownFileType = sourcecode.swift; path = "UIButton+alignVertical.swift"; sourceTree = "<group>"; };
		5AB21E1228879BF100EE1433 /* OutlineViewController.swift */ = {isa = PBXFileReference; lastKnownFileType = sourcecode.swift; path = OutlineViewController.swift; sourceTree = "<group>"; };
		5AB21E1428879F4D00EE1433 /* OutlineViewCoordinator.swift */ = {isa = PBXFileReference; lastKnownFileType = sourcecode.swift; path = OutlineViewCoordinator.swift; sourceTree = "<group>"; };
		5AB21E1828879FA800EE1433 /* DYReaderCoordinator.swift */ = {isa = PBXFileReference; lastKnownFileType = sourcecode.swift; path = DYReaderCoordinator.swift; sourceTree = "<group>"; };
		5AB21E1C2887A0DC00EE1433 /* Coordinator.swift */ = {isa = PBXFileReference; lastKnownFileType = sourcecode.swift; path = Coordinator.swift; sourceTree = "<group>"; };
		5AB21E1E2887A1A000EE1433 /* DYReaderProtocols.swift */ = {isa = PBXFileReference; lastKnownFileType = sourcecode.swift; path = DYReaderProtocols.swift; sourceTree = "<group>"; };
		5AB21E222887A27D00EE1433 /* OutlineItem.swift */ = {isa = PBXFileReference; lastKnownFileType = sourcecode.swift; path = OutlineItem.swift; sourceTree = "<group>"; };
		5AB21E262887A72F00EE1433 /* Outline.swift */ = {isa = PBXFileReference; lastKnownFileType = sourcecode.swift; path = Outline.swift; sourceTree = "<group>"; };
		5AB21E282887A86E00EE1433 /* OutlineCoordinable.swift */ = {isa = PBXFileReference; lastKnownFileType = sourcecode.swift; path = OutlineCoordinable.swift; sourceTree = "<group>"; };
		5AB21E2A2887DD1A00EE1433 /* OutlineItemCell.swift */ = {isa = PBXFileReference; lastKnownFileType = sourcecode.swift; path = OutlineItemCell.swift; sourceTree = "<group>"; };
		5AB21EC2288FC1EB00EE1433 /* DYRollbackChapterView.h */ = {isa = PBXFileReference; fileEncoding = 4; lastKnownFileType = sourcecode.c.h; path = DYRollbackChapterView.h; sourceTree = "<group>"; };
		5AB21EC3288FC1EB00EE1433 /* DYRollbackChapterView.m */ = {isa = PBXFileReference; fileEncoding = 4; lastKnownFileType = sourcecode.c.objc; path = DYRollbackChapterView.m; sourceTree = "<group>"; };
		5AB21ECD289127BB00EE1433 /* DYRenderDataSourceImpl.swift */ = {isa = PBXFileReference; lastKnownFileType = sourcecode.swift; path = DYRenderDataSourceImpl.swift; sourceTree = "<group>"; };
		5AC24A6728A4F81700082CDE /* main.storyboard */ = {isa = PBXFileReference; lastKnownFileType = file.storyboard; path = main.storyboard; sourceTree = "<group>"; };
		5AC24A6928A4F87100082CDE /* ViewController.swift */ = {isa = PBXFileReference; lastKnownFileType = sourcecode.swift; path = ViewController.swift; sourceTree = "<group>"; };
		5AE8F78E28A0AE43002CAFCC /* DNReaderBackgroundView.swift */ = {isa = PBXFileReference; fileEncoding = 4; lastKnownFileType = sourcecode.swift; path = DNReaderBackgroundView.swift; sourceTree = "<group>"; };
		5AE8F79128A0E1C9002CAFCC /* DYCurlRenderViewController.swift */ = {isa = PBXFileReference; lastKnownFileType = sourcecode.swift; path = DYCurlRenderViewController.swift; sourceTree = "<group>"; };
		5AE8F79328A0EA0C002CAFCC /* DYPageViewController.swift */ = {isa = PBXFileReference; lastKnownFileType = sourcecode.swift; path = DYPageViewController.swift; sourceTree = "<group>"; };
		5AECFE8628707C2500E6205F /* TLYCSEbookDec2020FINAL.epub */ = {isa = PBXFileReference; lastKnownFileType = file; path = TLYCSEbookDec2020FINAL.epub; sourceTree = "<group>"; };
		5AECFE882870A0AE00E6205F /* NASReader-Bridging-Header.h */ = {isa = PBXFileReference; lastKnownFileType = sourcecode.c.h; path = "NASReader-Bridging-Header.h"; sourceTree = "<group>"; };
		5AECFE892870A0AE00E6205F /* DYVerticalScrollRender.swift */ = {isa = PBXFileReference; lastKnownFileType = sourcecode.swift; path = DYVerticalScrollRender.swift; sourceTree = "<group>"; };
		5AECFE8B2870A0DF00E6205F /* DYReaderController.swift */ = {isa = PBXFileReference; lastKnownFileType = sourcecode.swift; path = DYReaderController.swift; sourceTree = "<group>"; };
		5AECFE8D2870A15400E6205F /* DYRenderProtocol.swift */ = {isa = PBXFileReference; lastKnownFileType = sourcecode.swift; path = DYRenderProtocol.swift; sourceTree = "<group>"; };
		5AECFE90287115D400E6205F /* DYPageTableViewCell.swift */ = {isa = PBXFileReference; lastKnownFileType = sourcecode.swift; path = DYPageTableViewCell.swift; sourceTree = "<group>"; };
		5AECFE972872941400E6205F /* DYCoverRender.swift */ = {isa = PBXFileReference; lastKnownFileType = sourcecode.swift; path = DYCoverRender.swift; sourceTree = "<group>"; };
/* End PBXFileReference section */

/* Begin PBXFrameworksBuildPhase section */
		5A2068F8286DA54E000C5BEA /* Frameworks */ = {
			isa = PBXFrameworksBuildPhase;
			buildActionMask = 2147483647;
			files = (
				5A73756E28F3FD410085D56D /* DTCoreText.framework in Frameworks */,
				5A206930286DAEBA000C5BEA /* DYReader.framework in Frameworks */,
			);
			runOnlyForDeploymentPostprocessing = 0;
		};
/* End PBXFrameworksBuildPhase section */

/* Begin PBXGroup section */
		5A0632482897D72700733185 /* Presentation */ = {
			isa = PBXGroup;
			children = (
				5A0632492897D74100733185 /* SlideInPresentationManager.swift */,
				5A06324B2897D94D00733185 /* SlideInPresentationController.swift */,
				5A06324D2898BE0100733185 /* SlideInPresentationAnimator.swift */,
			);
			path = Presentation;
			sourceTree = "<group>";
		};
		5A06324F2898C8A300733185 /* Brightness */ = {
			isa = PBXGroup;
			children = (
				5A0632502898C8D600733185 /* BrightnessSetable.swift */,
			);
			path = Brightness;
			sourceTree = "<group>";
		};
		5A2068F2286DA54E000C5BEA = {
			isa = PBXGroup;
			children = (
				5A20692A286DAE7F000C5BEA /* DYReader.xcodeproj */,
				5A2068FD286DA54E000C5BEA /* NASReader */,
				5A2068FC286DA54E000C5BEA /* Products */,
				5A206921286DA66B000C5BEA /* Frameworks */,
			);
			sourceTree = "<group>";
		};
		5A2068FC286DA54E000C5BEA /* Products */ = {
			isa = PBXGroup;
			children = (
				5A2068FB286DA54E000C5BEA /* NASReader.app */,
			);
			name = Products;
			sourceTree = "<group>";
		};
		5A2068FD286DA54E000C5BEA /* NASReader */ = {
			isa = PBXGroup;
			children = (
				5A370B5728F3F6870041C806 /* DTCoreText.framework */,
				5AB21E202887A23400EE1433 /* DYReaderDomain */,
				5AB21E1628879F7600EE1433 /* Scenes */,
				5A336C352886B8E4009F4DE9 /* Helpers */,
				5AACAF3D2878085A00D13209 /* Resources */,
				5AACAF38287807FB00D13209 /* Vendor */,
				5AB21E1028879BB500EE1433 /* Render */,
				5AECFE8628707C2500E6205F /* TLYCSEbookDec2020FINAL.epub */,
				5A479783289CC47A007F9831 /* 每天懂一点好玩心理学.epub */,
				5A20691F286DA627000C5BEA /* test.pdf */,
				5A2068FE286DA54E000C5BEA /* AppDelegate.h */,
				5A2068FF286DA54E000C5BEA /* AppDelegate.m */,
				5A20690A286DA550000C5BEA /* Assets.xcassets */,
				5A20690C286DA550000C5BEA /* LaunchScreen.storyboard */,
				5A20690F286DA550000C5BEA /* Info.plist */,
				5A206910286DA550000C5BEA /* main.m */,
				5AECFE882870A0AE00E6205F /* NASReader-Bridging-Header.h */,
				5AC24A6728A4F81700082CDE /* main.storyboard */,
				5AC24A6928A4F87100082CDE /* ViewController.swift */,
			);
			path = NASReader;
			sourceTree = "<group>";
		};
		5A206921286DA66B000C5BEA /* Frameworks */ = {
			isa = PBXGroup;
			children = (
			);
			name = Frameworks;
			sourceTree = "<group>";
		};
		5A20692B286DAE7F000C5BEA /* Products */ = {
			isa = PBXGroup;
			children = (
				5A20692F286DAE7F000C5BEA /* DYReader.framework */,
			);
			name = Products;
			sourceTree = "<group>";
		};
		5A336C352886B8E4009F4DE9 /* Helpers */ = {
			isa = PBXGroup;
			children = (
				5AB21E1A2887A0BC00EE1433 /* Protocols */,
				5A336C362886B8FD009F4DE9 /* Utils */,
			);
			path = Helpers;
			sourceTree = "<group>";
		};
		5A336C362886B8FD009F4DE9 /* Utils */ = {
			isa = PBXGroup;
			children = (
				5A336C372886B917009F4DE9 /* Bindable.swift */,
			);
			path = Utils;
			sourceTree = "<group>";
		};
		5A47977B289BA1F8007F9831 /* HorizontalScrollRender */ = {
			isa = PBXGroup;
			children = (
				5A47977D289BA243007F9831 /* DYHorizontalScrollRenderViewController.swift */,
			);
			path = HorizontalScrollRender;
			sourceTree = "<group>";
		};
		5A47977C289BA210007F9831 /* CurlRender */ = {
			isa = PBXGroup;
			children = (
				5AE8F79128A0E1C9002CAFCC /* DYCurlRenderViewController.swift */,
				5AE8F79328A0EA0C002CAFCC /* DYPageViewController.swift */,
			);
			path = CurlRender;
			sourceTree = "<group>";
		};
		5A65CB1E287D7D7200D4BE75 /* ColorImage */ = {
			isa = PBXGroup;
			children = (
				5A65CB22287D7DBE00D4BE75 /* UIImage+Color.h */,
				5A65CB23287D7DBE00D4BE75 /* UIImage+Color.m */,
			);
			path = ColorImage;
			sourceTree = "<group>";
		};
		5A65CB25287D7E1100D4BE75 /* RoundCornerImage */ = {
			isa = PBXGroup;
			children = (
				5A65CB26287D7E3200D4BE75 /* UIImage+RoundCorner.h */,
				5A65CB27287D7E3200D4BE75 /* UIImage+RoundCorner.m */,
			);
			path = RoundCornerImage;
			sourceTree = "<group>";
		};
		5AACAF0F2877DF4700D13209 /* View */ = {
			isa = PBXGroup;
			children = (
				5AB21EC2288FC1EB00EE1433 /* DYRollbackChapterView.h */,
				5AB21EC3288FC1EB00EE1433 /* DYRollbackChapterView.m */,
				5AACAF34287806B200D13209 /* DYReaderNavigationView.swift */,
				5AACAF36287806D200D13209 /* DYReaderFeatureView.swift */,
				5A76DC6E28796F80003D6D36 /* DYReaderSettingView.swift */,
				5AACAF40287811A500D13209 /* DNSimpleSlider.swift */,
				5A76DC702879A513003D6D36 /* DYControlProtocol.swift */,
				5A84F7662893B08400C1A2DA /* DYBrightnessView.swift */,
			);
			path = View;
			sourceTree = "<group>";
		};
		5AACAF38287807FB00D13209 /* Vendor */ = {
			isa = PBXGroup;
			children = (
				5A06324F2898C8A300733185 /* Brightness */,
				5A0632482897D72700733185 /* Presentation */,
				5A65CB25287D7E1100D4BE75 /* RoundCornerImage */,
				5A65CB1E287D7D7200D4BE75 /* ColorImage */,
				5AACAF4228782F1D00D13209 /* verticalButton */,
				5AACAF392878080E00D13209 /* FontImage */,
			);
			path = Vendor;
			sourceTree = "<group>";
		};
		5AACAF392878080E00D13209 /* FontImage */ = {
			isa = PBXGroup;
			children = (
				5AACAF3A2878080E00D13209 /* UIImage+DNIconfontHelper.h */,
				5AACAF3B2878080E00D13209 /* UIImage+DNIconfontHelper.m */,
			);
			path = FontImage;
			sourceTree = "<group>";
		};
		5AACAF3D2878085A00D13209 /* Resources */ = {
			isa = PBXGroup;
			children = (
				5AACAF3E2878086F00D13209 /* iconfont.ttf */,
			);
			path = Resources;
			sourceTree = "<group>";
		};
		5AACAF4228782F1D00D13209 /* verticalButton */ = {
			isa = PBXGroup;
			children = (
				5AACAF4328782F3D00D13209 /* UIButton+alignVertical.swift */,
			);
			path = verticalButton;
			sourceTree = "<group>";
		};
		5AB21E1028879BB500EE1433 /* Render */ = {
			isa = PBXGroup;
			children = (
				5AE8F78E28A0AE43002CAFCC /* DNReaderBackgroundView.swift */,
				5AB21ECD289127BB00EE1433 /* DYRenderDataSourceImpl.swift */,
				5AECFE8D2870A15400E6205F /* DYRenderProtocol.swift */,
				5A47977C289BA210007F9831 /* CurlRender */,
				5A47977B289BA1F8007F9831 /* HorizontalScrollRender */,
				5AECFE942871736D00E6205F /* CoverRender */,
				5AECFE8F287115B600E6205F /* VerticalScrollRender */,
			);
			path = Render;
			sourceTree = "<group>";
		};
		5AB21E1128879BDA00EE1433 /* Outlines */ = {
			isa = PBXGroup;
			children = (
				5A5D50692892954A00978A2B /* OutlineProtocols.swift */,
				5AB21E262887A72F00EE1433 /* Outline.swift */,
				5AB21E1228879BF100EE1433 /* OutlineViewController.swift */,
				5AB21E1428879F4D00EE1433 /* OutlineViewCoordinator.swift */,
				5AB21E2A2887DD1A00EE1433 /* OutlineItemCell.swift */,
			);
			path = Outlines;
			sourceTree = "<group>";
		};
		5AB21E1628879F7600EE1433 /* Scenes */ = {
			isa = PBXGroup;
			children = (
				5AB21E1728879F8400EE1433 /* Reader */,
				5AB21E1128879BDA00EE1433 /* Outlines */,
			);
			path = Scenes;
			sourceTree = "<group>";
		};
		5AB21E1728879F8400EE1433 /* Reader */ = {
			isa = PBXGroup;
			children = (
				5AACAF0F2877DF4700D13209 /* View */,
				5A370B5328F3F6110041C806 /* DYTextBookReader.swift */,
				5A370B5428F3F6110041C806 /* DYTextChapter.swift */,
				5AECFE8B2870A0DF00E6205F /* DYReaderController.swift */,
				5AB21E1828879FA800EE1433 /* DYReaderCoordinator.swift */,
				5AB21E1E2887A1A000EE1433 /* DYReaderProtocols.swift */,
			);
			path = Reader;
			sourceTree = "<group>";
		};
		5AB21E1A2887A0BC00EE1433 /* Protocols */ = {
			isa = PBXGroup;
			children = (
				5AB21E1B2887A0CF00EE1433 /* Coordinator */,
			);
			path = Protocols;
			sourceTree = "<group>";
		};
		5AB21E1B2887A0CF00EE1433 /* Coordinator */ = {
			isa = PBXGroup;
			children = (
				5AB21E1C2887A0DC00EE1433 /* Coordinator.swift */,
				5AB21E282887A86E00EE1433 /* OutlineCoordinable.swift */,
			);
			path = Coordinator;
			sourceTree = "<group>";
		};
		5AB21E202887A23400EE1433 /* DYReaderDomain */ = {
			isa = PBXGroup;
			children = (
				5AB21E212887A25600EE1433 /* Entities */,
			);
			path = DYReaderDomain;
			sourceTree = "<group>";
		};
		5AB21E212887A25600EE1433 /* Entities */ = {
			isa = PBXGroup;
			children = (
				5AB21E222887A27D00EE1433 /* OutlineItem.swift */,
				5A84F7682893B3C500C1A2DA /* DYRenderModel.swift */,
			);
			path = Entities;
			sourceTree = "<group>";
		};
		5AECFE8F287115B600E6205F /* VerticalScrollRender */ = {
			isa = PBXGroup;
			children = (
				5AECFE892870A0AE00E6205F /* DYVerticalScrollRender.swift */,
				5AECFE90287115D400E6205F /* DYPageTableViewCell.swift */,
			);
			path = VerticalScrollRender;
			sourceTree = "<group>";
		};
		5AECFE942871736D00E6205F /* CoverRender */ = {
			isa = PBXGroup;
			children = (
				5AECFE972872941400E6205F /* DYCoverRender.swift */,
				5A324D8528A3AEE1000F8B21 /* DYCoverRenderPageView.swift */,
			);
			path = CoverRender;
			sourceTree = "<group>";
		};
/* End PBXGroup section */

/* Begin PBXNativeTarget section */
		5A2068FA286DA54E000C5BEA /* NASReader */ = {
			isa = PBXNativeTarget;
			buildConfigurationList = 5A206914286DA550000C5BEA /* Build configuration list for PBXNativeTarget "NASReader" */;
			buildPhases = (
				5A2068F7286DA54E000C5BEA /* Sources */,
				5A2068F8286DA54E000C5BEA /* Frameworks */,
				5A2068F9286DA54E000C5BEA /* Resources */,
			);
			buildRules = (
			);
			dependencies = (
				5A206933286DAEC9000C5BEA /* PBXTargetDependency */,
			);
			name = NASReader;
			productName = NASReader;
			productReference = 5A2068FB286DA54E000C5BEA /* NASReader.app */;
			productType = "com.apple.product-type.application";
		};
/* End PBXNativeTarget section */

/* Begin PBXProject section */
		5A2068F3286DA54E000C5BEA /* Project object */ = {
			isa = PBXProject;
			attributes = {
				BuildIndependentTargetsInParallel = 1;
				LastUpgradeCheck = 1340;
				TargetAttributes = {
					5A2068FA286DA54E000C5BEA = {
						CreatedOnToolsVersion = 13.4.1;
						LastSwiftMigration = 1340;
					};
				};
			};
			buildConfigurationList = 5A2068F6286DA54E000C5BEA /* Build configuration list for PBXProject "NASReader" */;
			compatibilityVersion = "Xcode 13.0";
			developmentRegion = en;
			hasScannedForEncodings = 0;
			knownRegions = (
				en,
				Base,
			);
			mainGroup = 5A2068F2286DA54E000C5BEA;
			productRefGroup = 5A2068FC286DA54E000C5BEA /* Products */;
			projectDirPath = "";
			projectReferences = (
				{
					ProductGroup = 5A20692B286DAE7F000C5BEA /* Products */;
					ProjectRef = 5A20692A286DAE7F000C5BEA /* DYReader.xcodeproj */;
				},
			);
			projectRoot = "";
			targets = (
				5A2068FA286DA54E000C5BEA /* NASReader */,
			);
		};
/* End PBXProject section */

/* Begin PBXReferenceProxy section */
		5A20692F286DAE7F000C5BEA /* DYReader.framework */ = {
			isa = PBXReferenceProxy;
			fileType = wrapper.framework;
			path = DYReader.framework;
			remoteRef = 5A20692E286DAE7F000C5BEA /* PBXContainerItemProxy */;
			sourceTree = BUILT_PRODUCTS_DIR;
		};
/* End PBXReferenceProxy section */

/* Begin PBXResourcesBuildPhase section */
		5A2068F9286DA54E000C5BEA /* Resources */ = {
			isa = PBXResourcesBuildPhase;
			buildActionMask = 2147483647;
			files = (
				5A206920286DA627000C5BEA /* test.pdf in Resources */,
				5AC24A6828A4F81700082CDE /* main.storyboard in Resources */,
				5A20690E286DA550000C5BEA /* LaunchScreen.storyboard in Resources */,
				5AACAF3F2878086F00D13209 /* iconfont.ttf in Resources */,
				5A20690B286DA550000C5BEA /* Assets.xcassets in Resources */,
				5AECFE8728707CA000E6205F /* TLYCSEbookDec2020FINAL.epub in Resources */,
				5A479784289CC47A007F9831 /* 每天懂一点好玩心理学.epub in Resources */,
			);
			runOnlyForDeploymentPostprocessing = 0;
		};
/* End PBXResourcesBuildPhase section */

/* Begin PBXSourcesBuildPhase section */
		5A2068F7286DA54E000C5BEA /* Sources */ = {
			isa = PBXSourcesBuildPhase;
			buildActionMask = 2147483647;
			files = (
				5AECFE8E2870A15400E6205F /* DYRenderProtocol.swift in Sources */,
				5A206900286DA54E000C5BEA /* AppDelegate.m in Sources */,
				5A84F7692893B3C500C1A2DA /* DYRenderModel.swift in Sources */,
				5AB21E1F2887A1A000EE1433 /* DYReaderProtocols.swift in Sources */,
				5AB21E1528879F4D00EE1433 /* OutlineViewCoordinator.swift in Sources */,
				5AACAF35287806B200D13209 /* DYReaderNavigationView.swift in Sources */,
				5A06324C2897D94D00733185 /* SlideInPresentationController.swift in Sources */,
				5A76DC712879A513003D6D36 /* DYControlProtocol.swift in Sources */,
				5AC24A6A28A4F87100082CDE /* ViewController.swift in Sources */,
				5AECFE8A2870A0AE00E6205F /* DYVerticalScrollRender.swift in Sources */,
				5AB21E1D2887A0DC00EE1433 /* Coordinator.swift in Sources */,
				5A324D8628A3AEE1000F8B21 /* DYCoverRenderPageView.swift in Sources */,
				5AB21E1328879BF100EE1433 /* OutlineViewController.swift in Sources */,
				5A84F7672893B08400C1A2DA /* DYBrightnessView.swift in Sources */,
				5A65CB24287D7DBE00D4BE75 /* UIImage+Color.m in Sources */,
				5AB21E1928879FA800EE1433 /* DYReaderCoordinator.swift in Sources */,
				5AE8F79428A0EA0C002CAFCC /* DYPageViewController.swift in Sources */,
				5AE8F79228A0E1C9002CAFCC /* DYCurlRenderViewController.swift in Sources */,
				5A5D506A2892954A00978A2B /* OutlineProtocols.swift in Sources */,
				5AACAF4428782F3D00D13209 /* UIButton+alignVertical.swift in Sources */,
				5AECFE8C2870A0DF00E6205F /* DYReaderController.swift in Sources */,
				5A336C382886B917009F4DE9 /* Bindable.swift in Sources */,
				5AE8F78F28A0AE43002CAFCC /* DNReaderBackgroundView.swift in Sources */,
				5AECFE91287115D400E6205F /* DYPageTableViewCell.swift in Sources */,
				5A06324A2897D74100733185 /* SlideInPresentationManager.swift in Sources */,
				5A370B5528F3F6110041C806 /* DYTextBookReader.swift in Sources */,
				5A06324E2898BE0100733185 /* SlideInPresentationAnimator.swift in Sources */,
				5AB21E2B2887DD1A00EE1433 /* OutlineItemCell.swift in Sources */,
				5AACAF41287811A500D13209 /* DNSimpleSlider.swift in Sources */,
				5A370B5628F3F6110041C806 /* DYTextChapter.swift in Sources */,
				5AECFE982872941400E6205F /* DYCoverRender.swift in Sources */,
				5A206911286DA550000C5BEA /* main.m in Sources */,
				5AACAF3C2878080E00D13209 /* UIImage+DNIconfontHelper.m in Sources */,
				5AB21E272887A72F00EE1433 /* Outline.swift in Sources */,
				5AB21ECE289127BB00EE1433 /* DYRenderDataSourceImpl.swift in Sources */,
				5AB21E232887A27D00EE1433 /* OutlineItem.swift in Sources */,
				5A76DC6F28796F80003D6D36 /* DYReaderSettingView.swift in Sources */,
				5A0632512898C8D600733185 /* BrightnessSetable.swift in Sources */,
				5AB21EC4288FC1EC00EE1433 /* DYRollbackChapterView.m in Sources */,
				5A47977E289BA243007F9831 /* DYHorizontalScrollRenderViewController.swift in Sources */,
				5AB21E292887A86E00EE1433 /* OutlineCoordinable.swift in Sources */,
				5A65CB28287D7E3200D4BE75 /* UIImage+RoundCorner.m in Sources */,
				5AACAF37287806D200D13209 /* DYReaderFeatureView.swift in Sources */,
			);
			runOnlyForDeploymentPostprocessing = 0;
		};
/* End PBXSourcesBuildPhase section */

/* Begin PBXTargetDependency section */
		5A206933286DAEC9000C5BEA /* PBXTargetDependency */ = {
			isa = PBXTargetDependency;
			name = DYReader;
			targetProxy = 5A206932286DAEC9000C5BEA /* PBXContainerItemProxy */;
		};
/* End PBXTargetDependency section */

/* Begin PBXVariantGroup section */
		5A20690C286DA550000C5BEA /* LaunchScreen.storyboard */ = {
			isa = PBXVariantGroup;
			children = (
				5A20690D286DA550000C5BEA /* Base */,
			);
			name = LaunchScreen.storyboard;
			sourceTree = "<group>";
		};
/* End PBXVariantGroup section */

/* Begin XCBuildConfiguration section */
		5A206912286DA550000C5BEA /* Debug */ = {
			isa = XCBuildConfiguration;
			buildSettings = {
				ALWAYS_SEARCH_USER_PATHS = NO;
				CLANG_ANALYZER_NONNULL = YES;
				CLANG_ANALYZER_NUMBER_OBJECT_CONVERSION = YES_AGGRESSIVE;
				CLANG_CXX_LANGUAGE_STANDARD = "gnu++17";
				CLANG_ENABLE_MODULES = YES;
				CLANG_ENABLE_OBJC_ARC = YES;
				CLANG_ENABLE_OBJC_WEAK = YES;
				CLANG_WARN_BLOCK_CAPTURE_AUTORELEASING = YES;
				CLANG_WARN_BOOL_CONVERSION = YES;
				CLANG_WARN_COMMA = YES;
				CLANG_WARN_CONSTANT_CONVERSION = YES;
				CLANG_WARN_DEPRECATED_OBJC_IMPLEMENTATIONS = YES;
				CLANG_WARN_DIRECT_OBJC_ISA_USAGE = YES_ERROR;
				CLANG_WARN_DOCUMENTATION_COMMENTS = YES;
				CLANG_WARN_EMPTY_BODY = YES;
				CLANG_WARN_ENUM_CONVERSION = YES;
				CLANG_WARN_INFINITE_RECURSION = YES;
				CLANG_WARN_INT_CONVERSION = YES;
				CLANG_WARN_NON_LITERAL_NULL_CONVERSION = YES;
				CLANG_WARN_OBJC_IMPLICIT_RETAIN_SELF = YES;
				CLANG_WARN_OBJC_LITERAL_CONVERSION = YES;
				CLANG_WARN_OBJC_ROOT_CLASS = YES_ERROR;
				CLANG_WARN_QUOTED_INCLUDE_IN_FRAMEWORK_HEADER = YES;
				CLANG_WARN_RANGE_LOOP_ANALYSIS = YES;
				CLANG_WARN_STRICT_PROTOTYPES = YES;
				CLANG_WARN_SUSPICIOUS_MOVE = YES;
				CLANG_WARN_UNGUARDED_AVAILABILITY = YES_AGGRESSIVE;
				CLANG_WARN_UNREACHABLE_CODE = YES;
				CLANG_WARN__DUPLICATE_METHOD_MATCH = YES;
				COPY_PHASE_STRIP = NO;
				DEBUG_INFORMATION_FORMAT = dwarf;
				ENABLE_STRICT_OBJC_MSGSEND = YES;
				ENABLE_TESTABILITY = YES;
				GCC_C_LANGUAGE_STANDARD = gnu11;
				GCC_DYNAMIC_NO_PIC = NO;
				GCC_NO_COMMON_BLOCKS = YES;
				GCC_OPTIMIZATION_LEVEL = 0;
				GCC_PREPROCESSOR_DEFINITIONS = (
					"DEBUG=1",
					"$(inherited)",
				);
				GCC_WARN_64_TO_32_BIT_CONVERSION = YES;
				GCC_WARN_ABOUT_RETURN_TYPE = YES_ERROR;
				GCC_WARN_UNDECLARED_SELECTOR = YES;
				GCC_WARN_UNINITIALIZED_AUTOS = YES_AGGRESSIVE;
				GCC_WARN_UNUSED_FUNCTION = YES;
				GCC_WARN_UNUSED_VARIABLE = YES;
				IPHONEOS_DEPLOYMENT_TARGET = 15.5;
				MTL_ENABLE_DEBUG_INFO = INCLUDE_SOURCE;
				MTL_FAST_MATH = YES;
				ONLY_ACTIVE_ARCH = YES;
				SDKROOT = iphoneos;
			};
			name = Debug;
		};
		5A206913286DA550000C5BEA /* Release */ = {
			isa = XCBuildConfiguration;
			buildSettings = {
				ALWAYS_SEARCH_USER_PATHS = NO;
				CLANG_ANALYZER_NONNULL = YES;
				CLANG_ANALYZER_NUMBER_OBJECT_CONVERSION = YES_AGGRESSIVE;
				CLANG_CXX_LANGUAGE_STANDARD = "gnu++17";
				CLANG_ENABLE_MODULES = YES;
				CLANG_ENABLE_OBJC_ARC = YES;
				CLANG_ENABLE_OBJC_WEAK = YES;
				CLANG_WARN_BLOCK_CAPTURE_AUTORELEASING = YES;
				CLANG_WARN_BOOL_CONVERSION = YES;
				CLANG_WARN_COMMA = YES;
				CLANG_WARN_CONSTANT_CONVERSION = YES;
				CLANG_WARN_DEPRECATED_OBJC_IMPLEMENTATIONS = YES;
				CLANG_WARN_DIRECT_OBJC_ISA_USAGE = YES_ERROR;
				CLANG_WARN_DOCUMENTATION_COMMENTS = YES;
				CLANG_WARN_EMPTY_BODY = YES;
				CLANG_WARN_ENUM_CONVERSION = YES;
				CLANG_WARN_INFINITE_RECURSION = YES;
				CLANG_WARN_INT_CONVERSION = YES;
				CLANG_WARN_NON_LITERAL_NULL_CONVERSION = YES;
				CLANG_WARN_OBJC_IMPLICIT_RETAIN_SELF = YES;
				CLANG_WARN_OBJC_LITERAL_CONVERSION = YES;
				CLANG_WARN_OBJC_ROOT_CLASS = YES_ERROR;
				CLANG_WARN_QUOTED_INCLUDE_IN_FRAMEWORK_HEADER = YES;
				CLANG_WARN_RANGE_LOOP_ANALYSIS = YES;
				CLANG_WARN_STRICT_PROTOTYPES = YES;
				CLANG_WARN_SUSPICIOUS_MOVE = YES;
				CLANG_WARN_UNGUARDED_AVAILABILITY = YES_AGGRESSIVE;
				CLANG_WARN_UNREACHABLE_CODE = YES;
				CLANG_WARN__DUPLICATE_METHOD_MATCH = YES;
				COPY_PHASE_STRIP = NO;
				DEBUG_INFORMATION_FORMAT = "dwarf-with-dsym";
				ENABLE_NS_ASSERTIONS = NO;
				ENABLE_STRICT_OBJC_MSGSEND = YES;
				GCC_C_LANGUAGE_STANDARD = gnu11;
				GCC_NO_COMMON_BLOCKS = YES;
				GCC_WARN_64_TO_32_BIT_CONVERSION = YES;
				GCC_WARN_ABOUT_RETURN_TYPE = YES_ERROR;
				GCC_WARN_UNDECLARED_SELECTOR = YES;
				GCC_WARN_UNINITIALIZED_AUTOS = YES_AGGRESSIVE;
				GCC_WARN_UNUSED_FUNCTION = YES;
				GCC_WARN_UNUSED_VARIABLE = YES;
				IPHONEOS_DEPLOYMENT_TARGET = 15.5;
				MTL_ENABLE_DEBUG_INFO = NO;
				MTL_FAST_MATH = YES;
				SDKROOT = iphoneos;
				VALIDATE_PRODUCT = YES;
			};
			name = Release;
		};
		5A206915286DA550000C5BEA /* Debug */ = {
			isa = XCBuildConfiguration;
			buildSettings = {
				ASSETCATALOG_COMPILER_APPICON_NAME = AppIcon;
				ASSETCATALOG_COMPILER_GLOBAL_ACCENT_COLOR_NAME = AccentColor;
				CLANG_ENABLE_MODULES = YES;
				CODE_SIGN_IDENTITY = "Apple Development";
				CODE_SIGN_STYLE = Automatic;
				CURRENT_PROJECT_VERSION = 1;
				DEVELOPMENT_TEAM = 425HQFZ36D;
				FRAMEWORK_SEARCH_PATHS = (
					"$(inherited)",
					"$(PROJECT_DIR)/NASReader",
				);
				GENERATE_INFOPLIST_FILE = YES;
				INFOPLIST_FILE = NASReader/Info.plist;
				INFOPLIST_KEY_UIApplicationSupportsIndirectInputEvents = YES;
				INFOPLIST_KEY_UILaunchStoryboardName = LaunchScreen;
				INFOPLIST_KEY_UIMainStoryboardFile = main;
				INFOPLIST_KEY_UISupportedInterfaceOrientations_iPad = "UIInterfaceOrientationPortrait UIInterfaceOrientationPortraitUpsideDown UIInterfaceOrientationLandscapeLeft UIInterfaceOrientationLandscapeRight";
				INFOPLIST_KEY_UISupportedInterfaceOrientations_iPhone = "UIInterfaceOrientationPortrait UIInterfaceOrientationLandscapeLeft UIInterfaceOrientationLandscapeRight";
				IPHONEOS_DEPLOYMENT_TARGET = 9.0;
				LD_RUNPATH_SEARCH_PATHS = (
					"$(inherited)",
					"@executable_path/Frameworks",
				);
				MARKETING_VERSION = 1.0;
				PRODUCT_BUNDLE_IDENTIFIER = com.aggrx.NASReader;
				PRODUCT_NAME = "$(TARGET_NAME)";
				PROVISIONING_PROFILE_SPECIFIER = "";
				SUPPORTED_PLATFORMS = "iphoneos iphonesimulator";
				SUPPORTS_MACCATALYST = NO;
				SUPPORTS_MAC_DESIGNED_FOR_IPHONE_IPAD = NO;
				SWIFT_EMIT_LOC_STRINGS = YES;
				SWIFT_OBJC_BRIDGING_HEADER = "NASReader/NASReader-Bridging-Header.h";
				SWIFT_OPTIMIZATION_LEVEL = "-Onone";
				SWIFT_VERSION = 5.0;
				TARGETED_DEVICE_FAMILY = "1,2";
			};
			name = Debug;
		};
		5A206916286DA550000C5BEA /* Release */ = {
			isa = XCBuildConfiguration;
			buildSettings = {
				ASSETCATALOG_COMPILER_APPICON_NAME = AppIcon;
				ASSETCATALOG_COMPILER_GLOBAL_ACCENT_COLOR_NAME = AccentColor;
				CLANG_ENABLE_MODULES = YES;
				CODE_SIGN_IDENTITY = "Apple Development";
				CODE_SIGN_STYLE = Automatic;
				CURRENT_PROJECT_VERSION = 1;
				DEVELOPMENT_TEAM = 425HQFZ36D;
				FRAMEWORK_SEARCH_PATHS = (
					"$(inherited)",
					"$(PROJECT_DIR)/NASReader",
				);
				GENERATE_INFOPLIST_FILE = YES;
				INFOPLIST_FILE = NASReader/Info.plist;
				INFOPLIST_KEY_UIApplicationSupportsIndirectInputEvents = YES;
				INFOPLIST_KEY_UILaunchStoryboardName = LaunchScreen;
				INFOPLIST_KEY_UIMainStoryboardFile = main;
				INFOPLIST_KEY_UISupportedInterfaceOrientations_iPad = "UIInterfaceOrientationPortrait UIInterfaceOrientationPortraitUpsideDown UIInterfaceOrientationLandscapeLeft UIInterfaceOrientationLandscapeRight";
				INFOPLIST_KEY_UISupportedInterfaceOrientations_iPhone = "UIInterfaceOrientationPortrait UIInterfaceOrientationLandscapeLeft UIInterfaceOrientationLandscapeRight";
				IPHONEOS_DEPLOYMENT_TARGET = 9.0;
				LD_RUNPATH_SEARCH_PATHS = (
					"$(inherited)",
					"@executable_path/Frameworks",
				);
				MARKETING_VERSION = 1.0;
				PRODUCT_BUNDLE_IDENTIFIER = com.aggrx.NASReader;
				PRODUCT_NAME = "$(TARGET_NAME)";
				PROVISIONING_PROFILE_SPECIFIER = "";
				SUPPORTED_PLATFORMS = "iphoneos iphonesimulator";
				SUPPORTS_MACCATALYST = NO;
				SUPPORTS_MAC_DESIGNED_FOR_IPHONE_IPAD = NO;
				SWIFT_EMIT_LOC_STRINGS = YES;
				SWIFT_OBJC_BRIDGING_HEADER = "NASReader/NASReader-Bridging-Header.h";
				SWIFT_VERSION = 5.0;
				TARGETED_DEVICE_FAMILY = "1,2";
			};
			name = Release;
		};
/* End XCBuildConfiguration section */

/* Begin XCConfigurationList section */
		5A2068F6286DA54E000C5BEA /* Build configuration list for PBXProject "NASReader" */ = {
			isa = XCConfigurationList;
			buildConfigurations = (
				5A206912286DA550000C5BEA /* Debug */,
				5A206913286DA550000C5BEA /* Release */,
			);
			defaultConfigurationIsVisible = 0;
			defaultConfigurationName = Release;
		};
		5A206914286DA550000C5BEA /* Build configuration list for PBXNativeTarget "NASReader" */ = {
			isa = XCConfigurationList;
			buildConfigurations = (
				5A206915286DA550000C5BEA /* Debug */,
				5A206916286DA550000C5BEA /* Release */,
			);
			defaultConfigurationIsVisible = 0;
			defaultConfigurationName = Release;
		};
/* End XCConfigurationList section */
	};
	rootObject = 5A2068F3286DA54E000C5BEA /* Project object */;
}
